
Microsoft Visual Studio Solution File, Format Version 12.00
# Visual Studio Version 17
VisualStudioVersion = 17.14.36127.28 d17.14
MinimumVisualStudioVersion = 10.0.40219.1
Project("{FAE04EC0-301F-11D3-BF4B-00C04F79EFBC}") = "app_Scheduler", "app_Scheduler.csproj", "{784A438A-45F2-48C3-9F49-98066A2E726A}"
EndProject
Global
	GlobalSection(SolutionConfigurationPlatforms) = preSolution
		Debug|Any CPU = Debug|Any CPU
		Release|Any CPU = Release|Any CPU
	EndGlobalSection
	GlobalSection(ProjectConfigurationPlatforms) = postSolution
		{784A438A-45F2-48C3-9F49-98066A2E726A}.Debug|Any CPU.ActiveCfg = Debug|Any CPU
		{784A438A-45F2-48C3-9F49-98066A2E726A}.Debug|Any CPU.Build.0 = Debug|Any CPU
		{784A438A-45F2-48C3-9F49-98066A2E726A}.Release|Any CPU.ActiveCfg = Release|Any CPU
		{784A438A-45F2-48C3-9F49-98066A2E726A}.Release|Any CPU.Build.0 = Release|Any CPU
	EndGlobalSection
	GlobalSection(SolutionProperties) = preSolution
		HideSolutionNode = FALSE
	EndGlobalSection
	GlobalSection(ExtensibilityGlobals) = postSolution
		SolutionGuid = {5C0EFB47-A4FD-469B-BB78-0ADC42AD9F1D}
	EndGlobalSection
EndGlobal
